
Microsoft Visual Studio Solution File, Format Version 12.00
# Visual Studio Version 16
VisualStudioVersion = 16.0.29503.13
MinimumVisualStudioVersion = 10.0.40219.1
Project("{9A19103F-16F7-4668-BE54-9A1E7A4F7556}") = "AspNetCore.HealthChecks.GCP.CloudStorage", "src\AspNetCore.HealthChecks.GCP.CloudStorage.csproj", "{8DBA0D26-FC8A-429E-9D24-C38993A81039}"
EndProject
Project("{2150E333-8FDC-42A3-9474-1A3956D46DE8}") = "build", "build", "{C870EADA-E8A8-4AEE-B8CF-A99EF170D46C}"
	ProjectSection(SolutionItems) = preProject
		build\dependencies.props = build\dependencies.props
	EndProjectSection
EndProject
Project("{FAE04EC0-301F-11D3-BF4B-00C04F79EFBC}") = "Tests", "Tests\Tests.csproj", "{2DA05B4B-C05E-4DE3-A34D-AA6D553A7D00}"
EndProject
Global
	GlobalSection(SolutionConfigurationPlatforms) = preSolution
		Debug|Any CPU = Debug|Any CPU
		Release|Any CPU = Release|Any CPU
	EndGlobalSection
	GlobalSection(ProjectConfigurationPlatforms) = postSolution
		{8DBA0D26-FC8A-429E-9D24-C38993A81039}.Debug|Any CPU.ActiveCfg = Debug|Any CPU
		{8DBA0D26-FC8A-429E-9D24-C38993A81039}.Debug|Any CPU.Build.0 = Debug|Any CPU
		{8DBA0D26-FC8A-429E-9D24-C38993A81039}.Release|Any CPU.ActiveCfg = Release|Any CPU
		{8DBA0D26-FC8A-429E-9D24-C38993A81039}.Release|Any CPU.Build.0 = Release|Any CPU
		{2DA05B4B-C05E-4DE3-A34D-AA6D553A7D00}.Debug|Any CPU.ActiveCfg = Debug|Any CPU
		{2DA05B4B-C05E-4DE3-A34D-AA6D553A7D00}.Debug|Any CPU.Build.0 = Debug|Any CPU
		{2DA05B4B-C05E-4DE3-A34D-AA6D553A7D00}.Release|Any CPU.ActiveCfg = Release|Any CPU
		{2DA05B4B-C05E-4DE3-A34D-AA6D553A7D00}.Release|Any CPU.Build.0 = Release|Any CPU
	EndGlobalSection
	GlobalSection(SolutionProperties) = preSolution
		HideSolutionNode = FALSE
	EndGlobalSection
	GlobalSection(ExtensibilityGlobals) = postSolution
		SolutionGuid = {C7295A6C-3B02-4F24-92AC-F90C1A1F0884}
	EndGlobalSection
EndGlobal
